
Microsoft Visual Studio Solution File, Format Version 12.00
# Visual Studio 15
VisualStudioVersion = 15.0.27703.2042
MinimumVisualStudioVersion = 10.0.40219.1
Project("{FAE04EC0-301F-11D3-BF4B-00C04F79EFBC}") = "UniquenessText", "UniquenessText\UniquenessText.csproj", "{43176AB3-C8D6-42E0-9DAA-DAA1321A768B}"
EndProject
Global
	GlobalSection(SolutionConfigurationPlatforms) = preSolution
		Debug|Any CPU = Debug|Any CPU
		Release|Any CPU = Release|Any CPU
	EndGlobalSection
	GlobalSection(ProjectConfigurationPlatforms) = postSolution
		{43176AB3-C8D6-42E0-9DAA-DAA1321A768B}.Debug|Any CPU.ActiveCfg = Debug|Any CPU
		{43176AB3-C8D6-42E0-9DAA-DAA1321A768B}.Debug|Any CPU.Build.0 = Debug|Any CPU
		{43176AB3-C8D6-42E0-9DAA-DAA1321A768B}.Release|Any CPU.ActiveCfg = Release|Any CPU
		{43176AB3-C8D6-42E0-9DAA-DAA1321A768B}.Release|Any CPU.Build.0 = Release|Any CPU
	EndGlobalSection
	GlobalSection(SolutionProperties) = preSolution
		HideSolutionNode = FALSE
	EndGlobalSection
	GlobalSection(ExtensibilityGlobals) = postSolution
		SolutionGuid = {1F96D3C2-5285-4E69-9F83-23AA50E6D1E9}
	EndGlobalSection
EndGlobal
